
Microsoft Visual Studio Solution File, Format Version 12.00
# Visual Studio 2013
VisualStudioVersion = 12.0.40629.0
MinimumVisualStudioVersion = 10.0.40219.1
Project("{8BC9CEB8-8B4A-11D0-8D11-00A0C91BC942}") = "HL7SDKTest", "HL7SDKTest\HL7SDKTest.vcxproj", "{821DE868-9546-4B29-806D-63BDF3FE6CFF}"
	ProjectSection(ProjectDependencies) = postProject
		{601B3015-D1A1-4305-A6BD-3BD6C53E984D} = {601B3015-D1A1-4305-A6BD-3BD6C53E984D}
	EndProjectSection
EndProject
Project("{8BC9CEB8-8B4A-11D0-8D11-00A0C91BC942}") = "simple_test", "..\HL7v2\tests\simple_test\simple_test.vcxproj", "{1380D46E-E6DD-4234-8752-B911312D84F2}"
EndProject
Project("{8BC9CEB8-8B4A-11D0-8D11-00A0C91BC942}") = "DateTimeValidation", "DateTimeValidation\DateTimeValidation.vcxproj", "{B41DFACB-DBFE-4A68-9124-0A7DC81C5F41}"
EndProject
Project("{2150E333-8FDC-42A3-9474-1A3956D46DE8}") = "tests", "tests", "{2DC54353-31E1-431F-88A6-7F507BACD353}"
EndProject
Project("{8BC9CEB8-8B4A-11D0-8D11-00A0C91BC942}") = "verify_test", "..\HL7v2\tests\verify_test\verify_test.vcxproj", "{A0818E89-4E40-4803-A465-6EB0E8F33F4A}"
EndProject
Project("{8BC9CEB8-8B4A-11D0-8D11-00A0C91BC942}") = "HL7SDK_2_3", "..\HL7v2\2.3\WIN\HL7SDK_2_3.vcxproj", "{D5242C1D-32B8-477F-A725-E8389142CB71}"
EndProject
Project("{8BC9CEB8-8B4A-11D0-8D11-00A0C91BC942}") = "HL7SDK_2_4", "..\HL7v2\2.4\WIN\HL7SDK_2_4.vcxproj", "{601B3015-D1A1-4305-A6BD-3BD6C53E984D}"
EndProject
Project("{8BC9CEB8-8B4A-11D0-8D11-00A0C91BC942}") = "mainIncludeConstructor", "..\HL7v2\utils\mainIncludeConstructor\mainIncludeConstructor.vcxproj", "{067E9FC1-A4C9-437C-8810-C8037BBFEB14}"
EndProject
Project("{8BC9CEB8-8B4A-11D0-8D11-00A0C91BC942}") = "FitToHL7", "FitToHL7\FitToHL7.vcxproj", "{1F19C1AD-A19C-4156-915E-52B1BB23903D}"
	ProjectSection(ProjectDependencies) = postProject
		{601B3015-D1A1-4305-A6BD-3BD6C53E984D} = {601B3015-D1A1-4305-A6BD-3BD6C53E984D}
	EndProjectSection
EndProject
Project("{8BC9CEB8-8B4A-11D0-8D11-00A0C91BC942}") = "createMes", "createMes\createMes.vcxproj", "{798601D9-FE93-4291-BC91-ACB38C080B37}"
EndProject
Project("{8BC9CEB8-8B4A-11D0-8D11-00A0C91BC942}") = "socket_test", "..\HL7v2\tests\socket_test\socket_test.vcxproj", "{58BCD895-DA7F-48ED-B786-027A15C41E25}"
EndProject
Project("{8BC9CEB8-8B4A-11D0-8D11-00A0C91BC942}") = "client", "..\HL7v2\examples\client\client.vcxproj", "{4879E79B-1D1D-4CD9-8968-C3ADCED21B2D}"
EndProject
Project("{8BC9CEB8-8B4A-11D0-8D11-00A0C91BC942}") = "server", "..\HL7v2\examples\server\server.vcxproj", "{EC7D53CE-AACB-410F-8E78-C36099956C63}"
EndProject
Global
	GlobalSection(SolutionConfigurationPlatforms) = preSolution
		Debug|Win32 = Debug|Win32
		Release|Win32 = Release|Win32
	EndGlobalSection
	GlobalSection(ProjectConfigurationPlatforms) = postSolution
		{821DE868-9546-4B29-806D-63BDF3FE6CFF}.Debug|Win32.ActiveCfg = Debug|Win32
		{821DE868-9546-4B29-806D-63BDF3FE6CFF}.Debug|Win32.Build.0 = Debug|Win32
		{821DE868-9546-4B29-806D-63BDF3FE6CFF}.Release|Win32.ActiveCfg = Release|Win32
		{821DE868-9546-4B29-806D-63BDF3FE6CFF}.Release|Win32.Build.0 = Release|Win32
		{1380D46E-E6DD-4234-8752-B911312D84F2}.Debug|Win32.ActiveCfg = Debug|Win32
		{1380D46E-E6DD-4234-8752-B911312D84F2}.Release|Win32.ActiveCfg = Release|Win32
		{1380D46E-E6DD-4234-8752-B911312D84F2}.Release|Win32.Build.0 = Release|Win32
		{B41DFACB-DBFE-4A68-9124-0A7DC81C5F41}.Debug|Win32.ActiveCfg = Debug|Win32
		{B41DFACB-DBFE-4A68-9124-0A7DC81C5F41}.Release|Win32.ActiveCfg = Release|Win32
		{B41DFACB-DBFE-4A68-9124-0A7DC81C5F41}.Release|Win32.Build.0 = Release|Win32
		{A0818E89-4E40-4803-A465-6EB0E8F33F4A}.Debug|Win32.ActiveCfg = Debug|Win32
		{A0818E89-4E40-4803-A465-6EB0E8F33F4A}.Release|Win32.ActiveCfg = Release|Win32
		{A0818E89-4E40-4803-A465-6EB0E8F33F4A}.Release|Win32.Build.0 = Release|Win32
		{D5242C1D-32B8-477F-A725-E8389142CB71}.Debug|Win32.ActiveCfg = Debug|Win32
		{D5242C1D-32B8-477F-A725-E8389142CB71}.Release|Win32.ActiveCfg = Release|Win32
		{601B3015-D1A1-4305-A6BD-3BD6C53E984D}.Debug|Win32.ActiveCfg = Debug|Win32
		{601B3015-D1A1-4305-A6BD-3BD6C53E984D}.Debug|Win32.Build.0 = Debug|Win32
		{601B3015-D1A1-4305-A6BD-3BD6C53E984D}.Release|Win32.ActiveCfg = Release|Win32
		{601B3015-D1A1-4305-A6BD-3BD6C53E984D}.Release|Win32.Build.0 = Release|Win32
		{067E9FC1-A4C9-437C-8810-C8037BBFEB14}.Debug|Win32.ActiveCfg = Debug|Win32
		{067E9FC1-A4C9-437C-8810-C8037BBFEB14}.Debug|Win32.Build.0 = Debug|Win32
		{067E9FC1-A4C9-437C-8810-C8037BBFEB14}.Release|Win32.ActiveCfg = Release|Win32
		{067E9FC1-A4C9-437C-8810-C8037BBFEB14}.Release|Win32.Build.0 = Release|Win32
		{1F19C1AD-A19C-4156-915E-52B1BB23903D}.Debug|Win32.ActiveCfg = Debug|Win32
		{1F19C1AD-A19C-4156-915E-52B1BB23903D}.Debug|Win32.Build.0 = Debug|Win32
		{1F19C1AD-A19C-4156-915E-52B1BB23903D}.Release|Win32.ActiveCfg = Release|Win32
		{1F19C1AD-A19C-4156-915E-52B1BB23903D}.Release|Win32.Build.0 = Release|Win32
		{798601D9-FE93-4291-BC91-ACB38C080B37}.Debug|Win32.ActiveCfg = Debug|Win32
		{798601D9-FE93-4291-BC91-ACB38C080B37}.Debug|Win32.Build.0 = Debug|Win32
		{798601D9-FE93-4291-BC91-ACB38C080B37}.Release|Win32.ActiveCfg = Release|Win32
		{798601D9-FE93-4291-BC91-ACB38C080B37}.Release|Win32.Build.0 = Release|Win32
		{58BCD895-DA7F-48ED-B786-027A15C41E25}.Debug|Win32.ActiveCfg = Debug|Win32
		{58BCD895-DA7F-48ED-B786-027A15C41E25}.Debug|Win32.Build.0 = Debug|Win32
		{58BCD895-DA7F-48ED-B786-027A15C41E25}.Release|Win32.ActiveCfg = Release|Win32
		{58BCD895-DA7F-48ED-B786-027A15C41E25}.Release|Win32.Build.0 = Release|Win32
		{4879E79B-1D1D-4CD9-8968-C3ADCED21B2D}.Debug|Win32.ActiveCfg = Debug|Win32
		{4879E79B-1D1D-4CD9-8968-C3ADCED21B2D}.Debug|Win32.Build.0 = Debug|Win32
		{4879E79B-1D1D-4CD9-8968-C3ADCED21B2D}.Release|Win32.ActiveCfg = Release|Win32
		{4879E79B-1D1D-4CD9-8968-C3ADCED21B2D}.Release|Win32.Build.0 = Release|Win32
		{EC7D53CE-AACB-410F-8E78-C36099956C63}.Debug|Win32.ActiveCfg = Debug|Win32
		{EC7D53CE-AACB-410F-8E78-C36099956C63}.Debug|Win32.Build.0 = Debug|Win32
		{EC7D53CE-AACB-410F-8E78-C36099956C63}.Release|Win32.ActiveCfg = Release|Win32
		{EC7D53CE-AACB-410F-8E78-C36099956C63}.Release|Win32.Build.0 = Release|Win32
	EndGlobalSection
	GlobalSection(SolutionProperties) = preSolution
		HideSolutionNode = FALSE
	EndGlobalSection
	GlobalSection(NestedProjects) = preSolution
		{1380D46E-E6DD-4234-8752-B911312D84F2} = {2DC54353-31E1-431F-88A6-7F507BACD353}
		{B41DFACB-DBFE-4A68-9124-0A7DC81C5F41} = {2DC54353-31E1-431F-88A6-7F507BACD353}
		{A0818E89-4E40-4803-A465-6EB0E8F33F4A} = {2DC54353-31E1-431F-88A6-7F507BACD353}
		{067E9FC1-A4C9-437C-8810-C8037BBFEB14} = {2DC54353-31E1-431F-88A6-7F507BACD353}
		{798601D9-FE93-4291-BC91-ACB38C080B37} = {2DC54353-31E1-431F-88A6-7F507BACD353}
		{58BCD895-DA7F-48ED-B786-027A15C41E25} = {2DC54353-31E1-431F-88A6-7F507BACD353}
		{4879E79B-1D1D-4CD9-8968-C3ADCED21B2D} = {2DC54353-31E1-431F-88A6-7F507BACD353}
		{EC7D53CE-AACB-410F-8E78-C36099956C63} = {2DC54353-31E1-431F-88A6-7F507BACD353}
	EndGlobalSection
EndGlobal
